
Microsoft Visual Studio Solution File, Format Version 12.00
# Visual Studio Version 17
VisualStudioVersion = 17.12.35527.113 d17.12
MinimumVisualStudioVersion = 10.0.40219.1
Project("{FAE04EC0-301F-11D3-BF4B-00C04F79EFBC}") = "Oggetti", "G02_Test_02_Oggetti\Oggetti.csproj", "{B2DE925F-513C-4DDF-ADD0-7A19FA8234C0}"
EndProject
Project("{FAE04EC0-301F-11D3-BF4B-00C04F79EFBC}") = "Oggetti.Tests", "Oggetti.Tests\Oggetti.Tests.csproj", "{D1FC5BFC-7C8E-4050-83ED-3E3598DD8172}"
EndProject
Global
	GlobalSection(SolutionConfigurationPlatforms) = preSolution
		Debug|Any CPU = Debug|Any CPU
		Release|Any CPU = Release|Any CPU
	EndGlobalSection
	GlobalSection(ProjectConfigurationPlatforms) = postSolution
		{B2DE925F-513C-4DDF-ADD0-7A19FA8234C0}.Debug|Any CPU.ActiveCfg = Debug|Any CPU
		{B2DE925F-513C-4DDF-ADD0-7A19FA8234C0}.Debug|Any CPU.Build.0 = Debug|Any CPU
		{B2DE925F-513C-4DDF-ADD0-7A19FA8234C0}.Release|Any CPU.ActiveCfg = Release|Any CPU
		{B2DE925F-513C-4DDF-ADD0-7A19FA8234C0}.Release|Any CPU.Build.0 = Release|Any CPU
		{D1FC5BFC-7C8E-4050-83ED-3E3598DD8172}.Debug|Any CPU.ActiveCfg = Debug|Any CPU
		{D1FC5BFC-7C8E-4050-83ED-3E3598DD8172}.Debug|Any CPU.Build.0 = Debug|Any CPU
		{D1FC5BFC-7C8E-4050-83ED-3E3598DD8172}.Release|Any CPU.ActiveCfg = Release|Any CPU
		{D1FC5BFC-7C8E-4050-83ED-3E3598DD8172}.Release|Any CPU.Build.0 = Release|Any CPU
	EndGlobalSection
	GlobalSection(SolutionProperties) = preSolution
		HideSolutionNode = FALSE
	EndGlobalSection
EndGlobal
